{
  "name": "numer0n",
  "version": "1.0.0",
  "lockfileVersion": 3,
  "requires": true,
  "packages": {
    "": {
      "name": "numer0n",
      "version": "1.0.0",
      "license": "ISC",
      "devDependencies": {
        "@cloudflare/workers-types": "^4.20250430.0"
      }
    },
    "node_modules/@cloudflare/workers-types": {
      "version": "4.20250430.0",
      "resolved": "https://registry.npmjs.org/@cloudflare/workers-types/-/workers-types-4.20250430.0.tgz",
      "integrity": "sha512-JWAX7ZhQ7KjkdJwASgG58MZ/pQ15brlnZ9/0YBwDQ0hrJ/LaK392aTRFlj2r/PRKDZ5dOuujRywNYaNpfeFiEA==",
      "dev": true,
      "license": "MIT OR Apache-2.0"
    }
  }
}
